// !$*UTF8*$!
{
	archiveVersion = 1;
	classes = {
	};
	objectVersion = 56;
	objects = {

/* Begin PBXBuildFile section */
		2C29AB922A390D24004630DE /* AppDelegate.swift in Sources */ = {isa = PBXBuildFile; fileRef = 2C29AB912A390D24004630DE /* AppDelegate.swift */; };
		2C29AB942A390D24004630DE /* SceneDelegate.swift in Sources */ = {isa = PBXBuildFile; fileRef = 2C29AB932A390D24004630DE /* SceneDelegate.swift */; };
		2C29AB962A390D24004630DE /* ViewController.swift in Sources */ = {isa = PBXBuildFile; fileRef = 2C29AB952A390D24004630DE /* ViewController.swift */; };
		2C29AB992A390D24004630DE /* Main.storyboard in Resources */ = {isa = PBXBuildFile; fileRef = 2C29AB972A390D24004630DE /* Main.storyboard */; };
		2C29AB9B2A390D26004630DE /* Assets.xcassets in Resources */ = {isa = PBXBuildFile; fileRef = 2C29AB9A2A390D26004630DE /* Assets.xcassets */; };
		2C29AB9E2A390D26004630DE /* LaunchScreen.storyboard in Resources */ = {isa = PBXBuildFile; fileRef = 2C29AB9C2A390D26004630DE /* LaunchScreen.storyboard */; };
		2C29ABA92A390D26004630DE /* pokemonTests.swift in Sources */ = {isa = PBXBuildFile; fileRef = 2C29ABA82A390D26004630DE /* pokemonTests.swift */; };
		2C29ABB32A390D26004630DE /* pokemonUITests.swift in Sources */ = {isa = PBXBuildFile; fileRef = 2C29ABB22A390D26004630DE /* pokemonUITests.swift */; };
		2C29ABB52A390D26004630DE /* pokemonUITestsLaunchTests.swift in Sources */ = {isa = PBXBuildFile; fileRef = 2C29ABB42A390D26004630DE /* pokemonUITestsLaunchTests.swift */; };
		2C29ABC52A390DDE004630DE /* ViewModel.swift in Sources */ = {isa = PBXBuildFile; fileRef = 2C29ABC42A390DDE004630DE /* ViewModel.swift */; };
		2C3298772A394A2200A2352D /* ApiPokemonService.swift in Sources */ = {isa = PBXBuildFile; fileRef = 2C3298762A394A2200A2352D /* ApiPokemonService.swift */; };
		2C3298802A394C3C00A2352D /* ApiError.swift in Sources */ = {isa = PBXBuildFile; fileRef = 2C32987F2A394C3C00A2352D /* ApiError.swift */; };
		2C3298822A394D1000A2352D /* ResponseDTO.swift in Sources */ = {isa = PBXBuildFile; fileRef = 2C3298812A394D1000A2352D /* ResponseDTO.swift */; };
		2C3298852A394D4300A2352D /* ResultDTO.swift in Sources */ = {isa = PBXBuildFile; fileRef = 2C3298842A394D4300A2352D /* ResultDTO.swift */; };
		2C32988D2A39527D00A2352D /* ResponseModel.swift in Sources */ = {isa = PBXBuildFile; fileRef = 2C32988C2A39527D00A2352D /* ResponseModel.swift */; };
		2C32988F2A3952CE00A2352D /* ResultModel.swift in Sources */ = {isa = PBXBuildFile; fileRef = 2C32988E2A3952CE00A2352D /* ResultModel.swift */; };
		2C3298912A39539200A2352D /* PokemonRepositoryProtocol.swift in Sources */ = {isa = PBXBuildFile; fileRef = 2C3298902A39539200A2352D /* PokemonRepositoryProtocol.swift */; };
		2C3298952A39547000A2352D /* DomainError.swift in Sources */ = {isa = PBXBuildFile; fileRef = 2C3298942A39547000A2352D /* DomainError.swift */; };
		2C3298972A39580C00A2352D /* GetPokemonsUseCase.swift in Sources */ = {isa = PBXBuildFile; fileRef = 2C3298962A39580C00A2352D /* GetPokemonsUseCase.swift */; };
		2C32989B2A39605700A2352D /* PokemonsRepositoryImpl.swift in Sources */ = {isa = PBXBuildFile; fileRef = 2C32989A2A39605700A2352D /* PokemonsRepositoryImpl.swift */; };
		2C32989E2A39631600A2352D /* ErrorHandler.swift in Sources */ = {isa = PBXBuildFile; fileRef = 2C32989D2A39631600A2352D /* ErrorHandler.swift */; };
		2C3298A12A3966CA00A2352D /* AppDelegate+Injection.swift in Sources */ = {isa = PBXBuildFile; fileRef = 2C3298A02A3966CA00A2352D /* AppDelegate+Injection.swift */; };
		2C3298A32A39674C00A2352D /* FeatureList+Injection.swift in Sources */ = {isa = PBXBuildFile; fileRef = 2C3298A22A39674C00A2352D /* FeatureList+Injection.swift */; };
		350CC26543B474D72664F242 /* Pods_pokemon_pokemonUITests.framework in Frameworks */ = {isa = PBXBuildFile; fileRef = 2618E421087BEB97E877921E /* Pods_pokemon_pokemonUITests.framework */; };
		9056135A0AE68CF2C508332E /* Pods_pokemonTests.framework in Frameworks */ = {isa = PBXBuildFile; fileRef = 30F6EF51E218AA943AA620B2 /* Pods_pokemonTests.framework */; };
		CDDCD0C2D686814F366960CF /* Pods_pokemon.framework in Frameworks */ = {isa = PBXBuildFile; fileRef = 4F28408AC8EED1D4B7B7EC32 /* Pods_pokemon.framework */; };
/* End PBXBuildFile section */

/* Begin PBXContainerItemProxy section */
		2C29ABA52A390D26004630DE /* PBXContainerItemProxy */ = {
			isa = PBXContainerItemProxy;
			containerPortal = 2C29AB862A390D24004630DE /* Project object */;
			proxyType = 1;
			remoteGlobalIDString = 2C29AB8D2A390D24004630DE;
			remoteInfo = pokemon;
		};
		2C29ABAF2A390D26004630DE /* PBXContainerItemProxy */ = {
			isa = PBXContainerItemProxy;
			containerPortal = 2C29AB862A390D24004630DE /* Project object */;
			proxyType = 1;
			remoteGlobalIDString = 2C29AB8D2A390D24004630DE;
			remoteInfo = pokemon;
		};
/* End PBXContainerItemProxy section */

/* Begin PBXFileReference section */
		012C7EAC1D69198C2A4CF36B /* Pods-pokemonTests.debug.xcconfig */ = {isa = PBXFileReference; includeInIndex = 1; lastKnownFileType = text.xcconfig; name = "Pods-pokemonTests.debug.xcconfig"; path = "Target Support Files/Pods-pokemonTests/Pods-pokemonTests.debug.xcconfig"; sourceTree = "<group>"; };
		2618E421087BEB97E877921E /* Pods_pokemon_pokemonUITests.framework */ = {isa = PBXFileReference; explicitFileType = wrapper.framework; includeInIndex = 0; path = Pods_pokemon_pokemonUITests.framework; sourceTree = BUILT_PRODUCTS_DIR; };
		2C29AB8E2A390D24004630DE /* pokemon.app */ = {isa = PBXFileReference; explicitFileType = wrapper.application; includeInIndex = 0; path = pokemon.app; sourceTree = BUILT_PRODUCTS_DIR; };
		2C29AB912A390D24004630DE /* AppDelegate.swift */ = {isa = PBXFileReference; lastKnownFileType = sourcecode.swift; path = AppDelegate.swift; sourceTree = "<group>"; };
		2C29AB932A390D24004630DE /* SceneDelegate.swift */ = {isa = PBXFileReference; lastKnownFileType = sourcecode.swift; path = SceneDelegate.swift; sourceTree = "<group>"; };
		2C29AB952A390D24004630DE /* ViewController.swift */ = {isa = PBXFileReference; lastKnownFileType = sourcecode.swift; path = ViewController.swift; sourceTree = "<group>"; };
		2C29AB982A390D24004630DE /* Base */ = {isa = PBXFileReference; lastKnownFileType = file.storyboard; name = Base; path = Base.lproj/Main.storyboard; sourceTree = "<group>"; };
		2C29AB9A2A390D26004630DE /* Assets.xcassets */ = {isa = PBXFileReference; lastKnownFileType = folder.assetcatalog; path = Assets.xcassets; sourceTree = "<group>"; };
		2C29AB9D2A390D26004630DE /* Base */ = {isa = PBXFileReference; lastKnownFileType = file.storyboard; name = Base; path = Base.lproj/LaunchScreen.storyboard; sourceTree = "<group>"; };
		2C29AB9F2A390D26004630DE /* Info.plist */ = {isa = PBXFileReference; lastKnownFileType = text.plist.xml; path = Info.plist; sourceTree = "<group>"; };
		2C29ABA42A390D26004630DE /* pokemonTests.xctest */ = {isa = PBXFileReference; explicitFileType = wrapper.cfbundle; includeInIndex = 0; path = pokemonTests.xctest; sourceTree = BUILT_PRODUCTS_DIR; };
		2C29ABA82A390D26004630DE /* pokemonTests.swift */ = {isa = PBXFileReference; lastKnownFileType = sourcecode.swift; path = pokemonTests.swift; sourceTree = "<group>"; };
		2C29ABAE2A390D26004630DE /* pokemonUITests.xctest */ = {isa = PBXFileReference; explicitFileType = wrapper.cfbundle; includeInIndex = 0; path = pokemonUITests.xctest; sourceTree = BUILT_PRODUCTS_DIR; };
		2C29ABB22A390D26004630DE /* pokemonUITests.swift */ = {isa = PBXFileReference; lastKnownFileType = sourcecode.swift; path = pokemonUITests.swift; sourceTree = "<group>"; };
		2C29ABB42A390D26004630DE /* pokemonUITestsLaunchTests.swift */ = {isa = PBXFileReference; lastKnownFileType = sourcecode.swift; path = pokemonUITestsLaunchTests.swift; sourceTree = "<group>"; };
		2C29ABC42A390DDE004630DE /* ViewModel.swift */ = {isa = PBXFileReference; lastKnownFileType = sourcecode.swift; path = ViewModel.swift; sourceTree = "<group>"; };
		2C3298762A394A2200A2352D /* ApiPokemonService.swift */ = {isa = PBXFileReference; lastKnownFileType = sourcecode.swift; path = ApiPokemonService.swift; sourceTree = "<group>"; };
		2C32987F2A394C3C00A2352D /* ApiError.swift */ = {isa = PBXFileReference; lastKnownFileType = sourcecode.swift; path = ApiError.swift; sourceTree = "<group>"; };
		2C3298812A394D1000A2352D /* ResponseDTO.swift */ = {isa = PBXFileReference; lastKnownFileType = sourcecode.swift; path = ResponseDTO.swift; sourceTree = "<group>"; };
		2C3298842A394D4300A2352D /* ResultDTO.swift */ = {isa = PBXFileReference; lastKnownFileType = sourcecode.swift; path = ResultDTO.swift; sourceTree = "<group>"; };
		2C32988C2A39527D00A2352D /* ResponseModel.swift */ = {isa = PBXFileReference; lastKnownFileType = sourcecode.swift; path = ResponseModel.swift; sourceTree = "<group>"; };
		2C32988E2A3952CE00A2352D /* ResultModel.swift */ = {isa = PBXFileReference; lastKnownFileType = sourcecode.swift; path = ResultModel.swift; sourceTree = "<group>"; };
		2C3298902A39539200A2352D /* PokemonRepositoryProtocol.swift */ = {isa = PBXFileReference; lastKnownFileType = sourcecode.swift; path = PokemonRepositoryProtocol.swift; sourceTree = "<group>"; };
		2C3298942A39547000A2352D /* DomainError.swift */ = {isa = PBXFileReference; lastKnownFileType = sourcecode.swift; path = DomainError.swift; sourceTree = "<group>"; };
		2C3298962A39580C00A2352D /* GetPokemonsUseCase.swift */ = {isa = PBXFileReference; lastKnownFileType = sourcecode.swift; path = GetPokemonsUseCase.swift; sourceTree = "<group>"; };
		2C32989A2A39605700A2352D /* PokemonsRepositoryImpl.swift */ = {isa = PBXFileReference; lastKnownFileType = sourcecode.swift; path = PokemonsRepositoryImpl.swift; sourceTree = "<group>"; };
		2C32989D2A39631600A2352D /* ErrorHandler.swift */ = {isa = PBXFileReference; lastKnownFileType = sourcecode.swift; path = ErrorHandler.swift; sourceTree = "<group>"; };
		2C3298A02A3966CA00A2352D /* AppDelegate+Injection.swift */ = {isa = PBXFileReference; lastKnownFileType = sourcecode.swift; path = "AppDelegate+Injection.swift"; sourceTree = "<group>"; };
		2C3298A22A39674C00A2352D /* FeatureList+Injection.swift */ = {isa = PBXFileReference; lastKnownFileType = sourcecode.swift; path = "FeatureList+Injection.swift"; sourceTree = "<group>"; };
		30F6EF51E218AA943AA620B2 /* Pods_pokemonTests.framework */ = {isa = PBXFileReference; explicitFileType = wrapper.framework; includeInIndex = 0; path = Pods_pokemonTests.framework; sourceTree = BUILT_PRODUCTS_DIR; };
		3C55CDFCE275AC8EAAF89216 /* Pods-pokemon-pokemonUITests.release.xcconfig */ = {isa = PBXFileReference; includeInIndex = 1; lastKnownFileType = text.xcconfig; name = "Pods-pokemon-pokemonUITests.release.xcconfig"; path = "Target Support Files/Pods-pokemon-pokemonUITests/Pods-pokemon-pokemonUITests.release.xcconfig"; sourceTree = "<group>"; };
		4F28408AC8EED1D4B7B7EC32 /* Pods_pokemon.framework */ = {isa = PBXFileReference; explicitFileType = wrapper.framework; includeInIndex = 0; path = Pods_pokemon.framework; sourceTree = BUILT_PRODUCTS_DIR; };
		832EF2E2385F77866FA972FF /* Pods-pokemon.debug.xcconfig */ = {isa = PBXFileReference; includeInIndex = 1; lastKnownFileType = text.xcconfig; name = "Pods-pokemon.debug.xcconfig"; path = "Target Support Files/Pods-pokemon/Pods-pokemon.debug.xcconfig"; sourceTree = "<group>"; };
		9E1DB60B06EFC74546826C91 /* Pods-pokemon.release.xcconfig */ = {isa = PBXFileReference; includeInIndex = 1; lastKnownFileType = text.xcconfig; name = "Pods-pokemon.release.xcconfig"; path = "Target Support Files/Pods-pokemon/Pods-pokemon.release.xcconfig"; sourceTree = "<group>"; };
		AD281370B956C64ACFE2CA09 /* Pods-pokemon-pokemonUITests.debug.xcconfig */ = {isa = PBXFileReference; includeInIndex = 1; lastKnownFileType = text.xcconfig; name = "Pods-pokemon-pokemonUITests.debug.xcconfig"; path = "Target Support Files/Pods-pokemon-pokemonUITests/Pods-pokemon-pokemonUITests.debug.xcconfig"; sourceTree = "<group>"; };
		B48F72E09CE5BFC4C98F81C6 /* Pods-pokemonTests.release.xcconfig */ = {isa = PBXFileReference; includeInIndex = 1; lastKnownFileType = text.xcconfig; name = "Pods-pokemonTests.release.xcconfig"; path = "Target Support Files/Pods-pokemonTests/Pods-pokemonTests.release.xcconfig"; sourceTree = "<group>"; };
/* End PBXFileReference section */

/* Begin PBXFrameworksBuildPhase section */
		2C29AB8B2A390D24004630DE /* Frameworks */ = {
			isa = PBXFrameworksBuildPhase;
			buildActionMask = 2147483647;
			files = (
				CDDCD0C2D686814F366960CF /* Pods_pokemon.framework in Frameworks */,
			);
			runOnlyForDeploymentPostprocessing = 0;
		};
		2C29ABA12A390D26004630DE /* Frameworks */ = {
			isa = PBXFrameworksBuildPhase;
			buildActionMask = 2147483647;
			files = (
				9056135A0AE68CF2C508332E /* Pods_pokemonTests.framework in Frameworks */,
			);
			runOnlyForDeploymentPostprocessing = 0;
		};
		2C29ABAB2A390D26004630DE /* Frameworks */ = {
			isa = PBXFrameworksBuildPhase;
			buildActionMask = 2147483647;
			files = (
				350CC26543B474D72664F242 /* Pods_pokemon_pokemonUITests.framework in Frameworks */,
			);
			runOnlyForDeploymentPostprocessing = 0;
		};
/* End PBXFrameworksBuildPhase section */

/* Begin PBXGroup section */
		2C29AB852A390D24004630DE = {
			isa = PBXGroup;
			children = (
				2C29AB902A390D24004630DE /* pokemon */,
				2C29ABA72A390D26004630DE /* pokemonTests */,
				2C29ABB12A390D26004630DE /* pokemonUITests */,
				2C29AB8F2A390D24004630DE /* Products */,
				FD347799FC98AC4E36BD7BE5 /* Pods */,
				60056678734F75C268B9772A /* Frameworks */,
			);
			sourceTree = "<group>";
		};
		2C29AB8F2A390D24004630DE /* Products */ = {
			isa = PBXGroup;
			children = (
				2C29AB8E2A390D24004630DE /* pokemon.app */,
				2C29ABA42A390D26004630DE /* pokemonTests.xctest */,
				2C29ABAE2A390D26004630DE /* pokemonUITests.xctest */,
			);
			name = Products;
			sourceTree = "<group>";
		};
		2C29AB902A390D24004630DE /* pokemon */ = {
			isa = PBXGroup;
			children = (
				2C3298792A394B6500A2352D /* core */,
				2C3298712A39495C00A2352D /* feature_list */,
				2C29AB912A390D24004630DE /* AppDelegate.swift */,
				2C29AB932A390D24004630DE /* SceneDelegate.swift */,
				2C29AB9A2A390D26004630DE /* Assets.xcassets */,
				2C29AB9C2A390D26004630DE /* LaunchScreen.storyboard */,
				2C29AB9F2A390D26004630DE /* Info.plist */,
				2C3298A02A3966CA00A2352D /* AppDelegate+Injection.swift */,
			);
			path = pokemon;
			sourceTree = "<group>";
		};
		2C29ABA72A390D26004630DE /* pokemonTests */ = {
			isa = PBXGroup;
			children = (
				2C29ABA82A390D26004630DE /* pokemonTests.swift */,
			);
			path = pokemonTests;
			sourceTree = "<group>";
		};
		2C29ABB12A390D26004630DE /* pokemonUITests */ = {
			isa = PBXGroup;
			children = (
				2C29ABB22A390D26004630DE /* pokemonUITests.swift */,
				2C29ABB42A390D26004630DE /* pokemonUITestsLaunchTests.swift */,
			);
			path = pokemonUITests;
			sourceTree = "<group>";
		};
		2C29ABC32A390D69004630DE /* ui */ = {
			isa = PBXGroup;
			children = (
				2C29AB952A390D24004630DE /* ViewController.swift */,
				2C29AB972A390D24004630DE /* Main.storyboard */,
				2C29ABC42A390DDE004630DE /* ViewModel.swift */,
			);
			path = ui;
			sourceTree = "<group>";
		};
		2C3298712A39495C00A2352D /* feature_list */ = {
			isa = PBXGroup;
			children = (
				2C32989F2A3965C700A2352D /* di */,
				2C3298872A39519100A2352D /* domain */,
				2C3298742A3949C900A2352D /* data */,
				2C29ABC32A390D69004630DE /* ui */,
			);
			path = feature_list;
			sourceTree = "<group>";
		};
		2C3298742A3949C900A2352D /* data */ = {
			isa = PBXGroup;
			children = (
				2C32989C2A39630100A2352D /* utils */,
				2C3298862A39517A00A2352D /* repository */,
				2C3298752A3949D000A2352D /* remote */,
			);
			path = data;
			sourceTree = "<group>";
		};
		2C3298752A3949D000A2352D /* remote */ = {
			isa = PBXGroup;
			children = (
				2C3298782A394B1E00A2352D /* dto */,
				2C3298762A394A2200A2352D /* ApiPokemonService.swift */,
			);
			path = remote;
			sourceTree = "<group>";
		};
		2C3298782A394B1E00A2352D /* dto */ = {
			isa = PBXGroup;
			children = (
				2C3298812A394D1000A2352D /* ResponseDTO.swift */,
				2C3298842A394D4300A2352D /* ResultDTO.swift */,
			);
			path = dto;
			sourceTree = "<group>";
		};
		2C3298792A394B6500A2352D /* core */ = {
			isa = PBXGroup;
			children = (
				2C3298922A39545600A2352D /* domain */,
				2C32987A2A394B7400A2352D /* data */,
			);
			path = core;
			sourceTree = "<group>";
		};
		2C32987A2A394B7400A2352D /* data */ = {
			isa = PBXGroup;
			children = (
				2C32987E2A394C2D00A2352D /* enum */,
			);
			path = data;
			sourceTree = "<group>";
		};
		2C32987E2A394C2D00A2352D /* enum */ = {
			isa = PBXGroup;
			children = (
				2C32987F2A394C3C00A2352D /* ApiError.swift */,
			);
			path = enum;
			sourceTree = "<group>";
		};
		2C3298862A39517A00A2352D /* repository */ = {
			isa = PBXGroup;
			children = (
				2C32989A2A39605700A2352D /* PokemonsRepositoryImpl.swift */,
			);
			path = repository;
			sourceTree = "<group>";
		};
		2C3298872A39519100A2352D /* domain */ = {
			isa = PBXGroup;
			children = (
				2C32988B2A3951F700A2352D /* model */,
				2C32988A2A3951F000A2352D /* repository */,
				2C3298892A3951E700A2352D /* use_case */,
			);
			path = domain;
			sourceTree = "<group>";
		};
		2C3298892A3951E700A2352D /* use_case */ = {
			isa = PBXGroup;
			children = (
				2C3298962A39580C00A2352D /* GetPokemonsUseCase.swift */,
			);
			path = use_case;
			sourceTree = "<group>";
		};
		2C32988A2A3951F000A2352D /* repository */ = {
			isa = PBXGroup;
			children = (
				2C3298902A39539200A2352D /* PokemonRepositoryProtocol.swift */,
			);
			path = repository;
			sourceTree = "<group>";
		};
		2C32988B2A3951F700A2352D /* model */ = {
			isa = PBXGroup;
			children = (
				2C32988C2A39527D00A2352D /* ResponseModel.swift */,
				2C32988E2A3952CE00A2352D /* ResultModel.swift */,
			);
			path = model;
			sourceTree = "<group>";
		};
		2C3298922A39545600A2352D /* domain */ = {
			isa = PBXGroup;
			children = (
				2C3298932A39545D00A2352D /* enum */,
			);
			path = domain;
			sourceTree = "<group>";
		};
		2C3298932A39545D00A2352D /* enum */ = {
			isa = PBXGroup;
			children = (
				2C3298942A39547000A2352D /* DomainError.swift */,
			);
			path = enum;
			sourceTree = "<group>";
		};
		2C32989C2A39630100A2352D /* utils */ = {
			isa = PBXGroup;
			children = (
				2C32989D2A39631600A2352D /* ErrorHandler.swift */,
			);
			path = utils;
			sourceTree = "<group>";
		};
		2C32989F2A3965C700A2352D /* di */ = {
			isa = PBXGroup;
			children = (
				2C3298A22A39674C00A2352D /* FeatureList+Injection.swift */,
			);
			path = di;
			sourceTree = "<group>";
		};
		60056678734F75C268B9772A /* Frameworks */ = {
			isa = PBXGroup;
			children = (
				4F28408AC8EED1D4B7B7EC32 /* Pods_pokemon.framework */,
				2618E421087BEB97E877921E /* Pods_pokemon_pokemonUITests.framework */,
				30F6EF51E218AA943AA620B2 /* Pods_pokemonTests.framework */,
			);
			name = Frameworks;
			sourceTree = "<group>";
		};
		FD347799FC98AC4E36BD7BE5 /* Pods */ = {
			isa = PBXGroup;
			children = (
				832EF2E2385F77866FA972FF /* Pods-pokemon.debug.xcconfig */,
				9E1DB60B06EFC74546826C91 /* Pods-pokemon.release.xcconfig */,
				AD281370B956C64ACFE2CA09 /* Pods-pokemon-pokemonUITests.debug.xcconfig */,
				3C55CDFCE275AC8EAAF89216 /* Pods-pokemon-pokemonUITests.release.xcconfig */,
				012C7EAC1D69198C2A4CF36B /* Pods-pokemonTests.debug.xcconfig */,
				B48F72E09CE5BFC4C98F81C6 /* Pods-pokemonTests.release.xcconfig */,
			);
			path = Pods;
			sourceTree = "<group>";
		};
/* End PBXGroup section */

/* Begin PBXNativeTarget section */
		2C29AB8D2A390D24004630DE /* pokemon */ = {
			isa = PBXNativeTarget;
			buildConfigurationList = 2C29ABB82A390D26004630DE /* Build configuration list for PBXNativeTarget "pokemon" */;
			buildPhases = (
				007E0A825A6EE0D8EFF05080 /* [CP] Check Pods Manifest.lock */,
				2C29AB8A2A390D24004630DE /* Sources */,
				2C29AB8B2A390D24004630DE /* Frameworks */,
				2C29AB8C2A390D24004630DE /* Resources */,
				38007095619769F3F6EFE2D3 /* [CP] Embed Pods Frameworks */,
			);
			buildRules = (
			);
			dependencies = (
			);
			name = pokemon;
			productName = pokemon;
			productReference = 2C29AB8E2A390D24004630DE /* pokemon.app */;
			productType = "com.apple.product-type.application";
		};
		2C29ABA32A390D26004630DE /* pokemonTests */ = {
			isa = PBXNativeTarget;
			buildConfigurationList = 2C29ABBB2A390D26004630DE /* Build configuration list for PBXNativeTarget "pokemonTests" */;
			buildPhases = (
				1409F68C95D38FB098C06A46 /* [CP] Check Pods Manifest.lock */,
				2C29ABA02A390D26004630DE /* Sources */,
				2C29ABA12A390D26004630DE /* Frameworks */,
				2C29ABA22A390D26004630DE /* Resources */,
			);
			buildRules = (
			);
			dependencies = (
				2C29ABA62A390D26004630DE /* PBXTargetDependency */,
			);
			name = pokemonTests;
			productName = pokemonTests;
			productReference = 2C29ABA42A390D26004630DE /* pokemonTests.xctest */;
			productType = "com.apple.product-type.bundle.unit-test";
		};
		2C29ABAD2A390D26004630DE /* pokemonUITests */ = {
			isa = PBXNativeTarget;
			buildConfigurationList = 2C29ABBE2A390D26004630DE /* Build configuration list for PBXNativeTarget "pokemonUITests" */;
			buildPhases = (
				102927AC6B0FC1218E49085A /* [CP] Check Pods Manifest.lock */,
				2C29ABAA2A390D26004630DE /* Sources */,
				2C29ABAB2A390D26004630DE /* Frameworks */,
				2C29ABAC2A390D26004630DE /* Resources */,
				D9F2C14CB786950B0ECA72B9 /* [CP] Embed Pods Frameworks */,
			);
			buildRules = (
			);
			dependencies = (
				2C29ABB02A390D26004630DE /* PBXTargetDependency */,
			);
			name = pokemonUITests;
			productName = pokemonUITests;
			productReference = 2C29ABAE2A390D26004630DE /* pokemonUITests.xctest */;
			productType = "com.apple.product-type.bundle.ui-testing";
		};
/* End PBXNativeTarget section */

/* Begin PBXProject section */
		2C29AB862A390D24004630DE /* Project object */ = {
			isa = PBXProject;
			attributes = {
				BuildIndependentTargetsInParallel = 1;
				LastSwiftUpdateCheck = 1430;
				LastUpgradeCheck = 1430;
				TargetAttributes = {
					2C29AB8D2A390D24004630DE = {
						CreatedOnToolsVersion = 14.3.1;
					};
					2C29ABA32A390D26004630DE = {
						CreatedOnToolsVersion = 14.3.1;
						TestTargetID = 2C29AB8D2A390D24004630DE;
					};
					2C29ABAD2A390D26004630DE = {
						CreatedOnToolsVersion = 14.3.1;
						TestTargetID = 2C29AB8D2A390D24004630DE;
					};
				};
			};
			buildConfigurationList = 2C29AB892A390D24004630DE /* Build configuration list for PBXProject "pokemon" */;
			compatibilityVersion = "Xcode 14.0";
			developmentRegion = en;
			hasScannedForEncodings = 0;
			knownRegions = (
				en,
				Base,
			);
			mainGroup = 2C29AB852A390D24004630DE;
			productRefGroup = 2C29AB8F2A390D24004630DE /* Products */;
			projectDirPath = "";
			projectRoot = "";
			targets = (
				2C29AB8D2A390D24004630DE /* pokemon */,
				2C29ABA32A390D26004630DE /* pokemonTests */,
				2C29ABAD2A390D26004630DE /* pokemonUITests */,
			);
		};
/* End PBXProject section */

/* Begin PBXResourcesBuildPhase section */
		2C29AB8C2A390D24004630DE /* Resources */ = {
			isa = PBXResourcesBuildPhase;
			buildActionMask = 2147483647;
			files = (
				2C29AB9E2A390D26004630DE /* LaunchScreen.storyboard in Resources */,
				2C29AB9B2A390D26004630DE /* Assets.xcassets in Resources */,
				2C29AB992A390D24004630DE /* Main.storyboard in Resources */,
			);
			runOnlyForDeploymentPostprocessing = 0;
		};
		2C29ABA22A390D26004630DE /* Resources */ = {
			isa = PBXResourcesBuildPhase;
			buildActionMask = 2147483647;
			files = (
			);
			runOnlyForDeploymentPostprocessing = 0;
		};
		2C29ABAC2A390D26004630DE /* Resources */ = {
			isa = PBXResourcesBuildPhase;
			buildActionMask = 2147483647;
			files = (
			);
			runOnlyForDeploymentPostprocessing = 0;
		};
/* End PBXResourcesBuildPhase section */

/* Begin PBXShellScriptBuildPhase section */
		007E0A825A6EE0D8EFF05080 /* [CP] Check Pods Manifest.lock */ = {
			isa = PBXShellScriptBuildPhase;
			buildActionMask = 2147483647;
			files = (
			);
			inputFileListPaths = (
			);
			inputPaths = (
				"${PODS_PODFILE_DIR_PATH}/Podfile.lock",
				"${PODS_ROOT}/Manifest.lock",
			);
			name = "[CP] Check Pods Manifest.lock";
			outputFileListPaths = (
			);
			outputPaths = (
				"$(DERIVED_FILE_DIR)/Pods-pokemon-checkManifestLockResult.txt",
			);
			runOnlyForDeploymentPostprocessing = 0;
			shellPath = /bin/sh;
			shellScript = "diff \"${PODS_PODFILE_DIR_PATH}/Podfile.lock\" \"${PODS_ROOT}/Manifest.lock\" > /dev/null\nif [ $? != 0 ] ; then\n    # print error to STDERR\n    echo \"error: The sandbox is not in sync with the Podfile.lock. Run 'pod install' or update your CocoaPods installation.\" >&2\n    exit 1\nfi\n# This output is used by Xcode 'outputs' to avoid re-running this script phase.\necho \"SUCCESS\" > \"${SCRIPT_OUTPUT_FILE_0}\"\n";
			showEnvVarsInLog = 0;
		};
		102927AC6B0FC1218E49085A /* [CP] Check Pods Manifest.lock */ = {
			isa = PBXShellScriptBuildPhase;
			buildActionMask = 2147483647;
			files = (
			);
			inputFileListPaths = (
			);
			inputPaths = (
				"${PODS_PODFILE_DIR_PATH}/Podfile.lock",
				"${PODS_ROOT}/Manifest.lock",
			);
			name = "[CP] Check Pods Manifest.lock";
			outputFileListPaths = (
			);
			outputPaths = (
				"$(DERIVED_FILE_DIR)/Pods-pokemon-pokemonUITests-checkManifestLockResult.txt",
			);
			runOnlyForDeploymentPostprocessing = 0;
			shellPath = /bin/sh;
			shellScript = "diff \"${PODS_PODFILE_DIR_PATH}/Podfile.lock\" \"${PODS_ROOT}/Manifest.lock\" > /dev/null\nif [ $? != 0 ] ; then\n    # print error to STDERR\n    echo \"error: The sandbox is not in sync with the Podfile.lock. Run 'pod install' or update your CocoaPods installation.\" >&2\n    exit 1\nfi\n# This output is used by Xcode 'outputs' to avoid re-running this script phase.\necho \"SUCCESS\" > \"${SCRIPT_OUTPUT_FILE_0}\"\n";
			showEnvVarsInLog = 0;
		};
		1409F68C95D38FB098C06A46 /* [CP] Check Pods Manifest.lock */ = {
			isa = PBXShellScriptBuildPhase;
			buildActionMask = 2147483647;
			files = (
			);
			inputFileListPaths = (
			);
			inputPaths = (
				"${PODS_PODFILE_DIR_PATH}/Podfile.lock",
				"${PODS_ROOT}/Manifest.lock",
			);
			name = "[CP] Check Pods Manifest.lock";
			outputFileListPaths = (
			);
			outputPaths = (
				"$(DERIVED_FILE_DIR)/Pods-pokemonTests-checkManifestLockResult.txt",
			);
			runOnlyForDeploymentPostprocessing = 0;
			shellPath = /bin/sh;
			shellScript = "diff \"${PODS_PODFILE_DIR_PATH}/Podfile.lock\" \"${PODS_ROOT}/Manifest.lock\" > /dev/null\nif [ $? != 0 ] ; then\n    # print error to STDERR\n    echo \"error: The sandbox is not in sync with the Podfile.lock. Run 'pod install' or update your CocoaPods installation.\" >&2\n    exit 1\nfi\n# This output is used by Xcode 'outputs' to avoid re-running this script phase.\necho \"SUCCESS\" > \"${SCRIPT_OUTPUT_FILE_0}\"\n";
			showEnvVarsInLog = 0;
		};
		38007095619769F3F6EFE2D3 /* [CP] Embed Pods Frameworks */ = {
			isa = PBXShellScriptBuildPhase;
			buildActionMask = 2147483647;
			files = (
			);
			inputFileListPaths = (
				"${PODS_ROOT}/Target Support Files/Pods-pokemon/Pods-pokemon-frameworks-${CONFIGURATION}-input-files.xcfilelist",
			);
			name = "[CP] Embed Pods Frameworks";
			outputFileListPaths = (
				"${PODS_ROOT}/Target Support Files/Pods-pokemon/Pods-pokemon-frameworks-${CONFIGURATION}-output-files.xcfilelist",
			);
			runOnlyForDeploymentPostprocessing = 0;
			shellPath = /bin/sh;
			shellScript = "\"${PODS_ROOT}/Target Support Files/Pods-pokemon/Pods-pokemon-frameworks.sh\"\n";
			showEnvVarsInLog = 0;
		};
		D9F2C14CB786950B0ECA72B9 /* [CP] Embed Pods Frameworks */ = {
			isa = PBXShellScriptBuildPhase;
			buildActionMask = 2147483647;
			files = (
			);
			inputFileListPaths = (
				"${PODS_ROOT}/Target Support Files/Pods-pokemon-pokemonUITests/Pods-pokemon-pokemonUITests-frameworks-${CONFIGURATION}-input-files.xcfilelist",
			);
			name = "[CP] Embed Pods Frameworks";
			outputFileListPaths = (
				"${PODS_ROOT}/Target Support Files/Pods-pokemon-pokemonUITests/Pods-pokemon-pokemonUITests-frameworks-${CONFIGURATION}-output-files.xcfilelist",
			);
			runOnlyForDeploymentPostprocessing = 0;
			shellPath = /bin/sh;
			shellScript = "\"${PODS_ROOT}/Target Support Files/Pods-pokemon-pokemonUITests/Pods-pokemon-pokemonUITests-frameworks.sh\"\n";
			showEnvVarsInLog = 0;
		};
/* End PBXShellScriptBuildPhase section */

/* Begin PBXSourcesBuildPhase section */
		2C29AB8A2A390D24004630DE /* Sources */ = {
			isa = PBXSourcesBuildPhase;
			buildActionMask = 2147483647;
			files = (
				2C3298A12A3966CA00A2352D /* AppDelegate+Injection.swift in Sources */,
				2C3298852A394D4300A2352D /* ResultDTO.swift in Sources */,
				2C32988D2A39527D00A2352D /* ResponseModel.swift in Sources */,
				2C29AB962A390D24004630DE /* ViewController.swift in Sources */,
				2C3298802A394C3C00A2352D /* ApiError.swift in Sources */,
				2C29AB922A390D24004630DE /* AppDelegate.swift in Sources */,
				2C32989B2A39605700A2352D /* PokemonsRepositoryImpl.swift in Sources */,
				2C3298A32A39674C00A2352D /* FeatureList+Injection.swift in Sources */,
				2C3298772A394A2200A2352D /* ApiPokemonService.swift in Sources */,
				2C29ABC52A390DDE004630DE /* ViewModel.swift in Sources */,
				2C3298822A394D1000A2352D /* ResponseDTO.swift in Sources */,
				2C32988F2A3952CE00A2352D /* ResultModel.swift in Sources */,
				2C29AB942A390D24004630DE /* SceneDelegate.swift in Sources */,
				2C3298952A39547000A2352D /* DomainError.swift in Sources */,
				2C32989E2A39631600A2352D /* ErrorHandler.swift in Sources */,
				2C3298972A39580C00A2352D /* GetPokemonsUseCase.swift in Sources */,
				2C3298912A39539200A2352D /* PokemonRepositoryProtocol.swift in Sources */,
			);
			runOnlyForDeploymentPostprocessing = 0;
		};
		2C29ABA02A390D26004630DE /* Sources */ = {
			isa = PBXSourcesBuildPhase;
			buildActionMask = 2147483647;
			files = (
				2C29ABA92A390D26004630DE /* pokemonTests.swift in Sources */,
			);
			runOnlyForDeploymentPostprocessing = 0;
		};
		2C29ABAA2A390D26004630DE /* Sources */ = {
			isa = PBXSourcesBuildPhase;
			buildActionMask = 2147483647;
			files = (
				2C29ABB52A390D26004630DE /* pokemonUITestsLaunchTests.swift in Sources */,
				2C29ABB32A390D26004630DE /* pokemonUITests.swift in Sources */,
			);
			runOnlyForDeploymentPostprocessing = 0;
		};
/* End PBXSourcesBuildPhase section */

/* Begin PBXTargetDependency section */
		2C29ABA62A390D26004630DE /* PBXTargetDependency */ = {
			isa = PBXTargetDependency;
			target = 2C29AB8D2A390D24004630DE /* pokemon */;
			targetProxy = 2C29ABA52A390D26004630DE /* PBXContainerItemProxy */;
		};
		2C29ABB02A390D26004630DE /* PBXTargetDependency */ = {
			isa = PBXTargetDependency;
			target = 2C29AB8D2A390D24004630DE /* pokemon */;
			targetProxy = 2C29ABAF2A390D26004630DE /* PBXContainerItemProxy */;
		};
/* End PBXTargetDependency section */

/* Begin PBXVariantGroup section */
		2C29AB972A390D24004630DE /* Main.storyboard */ = {
			isa = PBXVariantGroup;
			children = (
				2C29AB982A390D24004630DE /* Base */,
			);
			name = Main.storyboard;
			sourceTree = "<group>";
		};
		2C29AB9C2A390D26004630DE /* LaunchScreen.storyboard */ = {
			isa = PBXVariantGroup;
			children = (
				2C29AB9D2A390D26004630DE /* Base */,
			);
			name = LaunchScreen.storyboard;
			sourceTree = "<group>";
		};
/* End PBXVariantGroup section */

/* Begin XCBuildConfiguration section */
		2C29ABB62A390D26004630DE /* Debug */ = {
			isa = XCBuildConfiguration;
			buildSettings = {
				ALWAYS_SEARCH_USER_PATHS = NO;
				CLANG_ANALYZER_NONNULL = YES;
				CLANG_ANALYZER_NUMBER_OBJECT_CONVERSION = YES_AGGRESSIVE;
				CLANG_CXX_LANGUAGE_STANDARD = "gnu++20";
				CLANG_ENABLE_MODULES = YES;
				CLANG_ENABLE_OBJC_ARC = YES;
				CLANG_ENABLE_OBJC_WEAK = YES;
				CLANG_WARN_BLOCK_CAPTURE_AUTORELEASING = YES;
				CLANG_WARN_BOOL_CONVERSION = YES;
				CLANG_WARN_COMMA = YES;
				CLANG_WARN_CONSTANT_CONVERSION = YES;
				CLANG_WARN_DEPRECATED_OBJC_IMPLEMENTATIONS = YES;
				CLANG_WARN_DIRECT_OBJC_ISA_USAGE = YES_ERROR;
				CLANG_WARN_DOCUMENTATION_COMMENTS = YES;
				CLANG_WARN_EMPTY_BODY = YES;
				CLANG_WARN_ENUM_CONVERSION = YES;
				CLANG_WARN_INFINITE_RECURSION = YES;
				CLANG_WARN_INT_CONVERSION = YES;
				CLANG_WARN_NON_LITERAL_NULL_CONVERSION = YES;
				CLANG_WARN_OBJC_IMPLICIT_RETAIN_SELF = YES;
				CLANG_WARN_OBJC_LITERAL_CONVERSION = YES;
				CLANG_WARN_OBJC_ROOT_CLASS = YES_ERROR;
				CLANG_WARN_QUOTED_INCLUDE_IN_FRAMEWORK_HEADER = YES;
				CLANG_WARN_RANGE_LOOP_ANALYSIS = YES;
				CLANG_WARN_STRICT_PROTOTYPES = YES;
				CLANG_WARN_SUSPICIOUS_MOVE = YES;
				CLANG_WARN_UNGUARDED_AVAILABILITY = YES_AGGRESSIVE;
				CLANG_WARN_UNREACHABLE_CODE = YES;
				CLANG_WARN__DUPLICATE_METHOD_MATCH = YES;
				COPY_PHASE_STRIP = NO;
				DEBUG_INFORMATION_FORMAT = dwarf;
				ENABLE_STRICT_OBJC_MSGSEND = YES;
				ENABLE_TESTABILITY = YES;
				GCC_C_LANGUAGE_STANDARD = gnu11;
				GCC_DYNAMIC_NO_PIC = NO;
				GCC_NO_COMMON_BLOCKS = YES;
				GCC_OPTIMIZATION_LEVEL = 0;
				GCC_PREPROCESSOR_DEFINITIONS = (
					"DEBUG=1",
					"$(inherited)",
				);
				GCC_WARN_64_TO_32_BIT_CONVERSION = YES;
				GCC_WARN_ABOUT_RETURN_TYPE = YES_ERROR;
				GCC_WARN_UNDECLARED_SELECTOR = YES;
				GCC_WARN_UNINITIALIZED_AUTOS = YES_AGGRESSIVE;
				GCC_WARN_UNUSED_FUNCTION = YES;
				GCC_WARN_UNUSED_VARIABLE = YES;
				IPHONEOS_DEPLOYMENT_TARGET = 16.4;
				MTL_ENABLE_DEBUG_INFO = INCLUDE_SOURCE;
				MTL_FAST_MATH = YES;
				ONLY_ACTIVE_ARCH = YES;
				SDKROOT = iphoneos;
				SWIFT_ACTIVE_COMPILATION_CONDITIONS = DEBUG;
				SWIFT_OPTIMIZATION_LEVEL = "-Onone";
			};
			name = Debug;
		};
		2C29ABB72A390D26004630DE /* Release */ = {
			isa = XCBuildConfiguration;
			buildSettings = {
				ALWAYS_SEARCH_USER_PATHS = NO;
				CLANG_ANALYZER_NONNULL = YES;
				CLANG_ANALYZER_NUMBER_OBJECT_CONVERSION = YES_AGGRESSIVE;
				CLANG_CXX_LANGUAGE_STANDARD = "gnu++20";
				CLANG_ENABLE_MODULES = YES;
				CLANG_ENABLE_OBJC_ARC = YES;
				CLANG_ENABLE_OBJC_WEAK = YES;
				CLANG_WARN_BLOCK_CAPTURE_AUTORELEASING = YES;
				CLANG_WARN_BOOL_CONVERSION = YES;
				CLANG_WARN_COMMA = YES;
				CLANG_WARN_CONSTANT_CONVERSION = YES;
				CLANG_WARN_DEPRECATED_OBJC_IMPLEMENTATIONS = YES;
				CLANG_WARN_DIRECT_OBJC_ISA_USAGE = YES_ERROR;
				CLANG_WARN_DOCUMENTATION_COMMENTS = YES;
				CLANG_WARN_EMPTY_BODY = YES;
				CLANG_WARN_ENUM_CONVERSION = YES;
				CLANG_WARN_INFINITE_RECURSION = YES;
				CLANG_WARN_INT_CONVERSION = YES;
				CLANG_WARN_NON_LITERAL_NULL_CONVERSION = YES;
				CLANG_WARN_OBJC_IMPLICIT_RETAIN_SELF = YES;
				CLANG_WARN_OBJC_LITERAL_CONVERSION = YES;
				CLANG_WARN_OBJC_ROOT_CLASS = YES_ERROR;
				CLANG_WARN_QUOTED_INCLUDE_IN_FRAMEWORK_HEADER = YES;
				CLANG_WARN_RANGE_LOOP_ANALYSIS = YES;
				CLANG_WARN_STRICT_PROTOTYPES = YES;
				CLANG_WARN_SUSPICIOUS_MOVE = YES;
				CLANG_WARN_UNGUARDED_AVAILABILITY = YES_AGGRESSIVE;
				CLANG_WARN_UNREACHABLE_CODE = YES;
				CLANG_WARN__DUPLICATE_METHOD_MATCH = YES;
				COPY_PHASE_STRIP = NO;
				DEBUG_INFORMATION_FORMAT = "dwarf-with-dsym";
				ENABLE_NS_ASSERTIONS = NO;
				ENABLE_STRICT_OBJC_MSGSEND = YES;
				GCC_C_LANGUAGE_STANDARD = gnu11;
				GCC_NO_COMMON_BLOCKS = YES;
				GCC_WARN_64_TO_32_BIT_CONVERSION = YES;
				GCC_WARN_ABOUT_RETURN_TYPE = YES_ERROR;
				GCC_WARN_UNDECLARED_SELECTOR = YES;
				GCC_WARN_UNINITIALIZED_AUTOS = YES_AGGRESSIVE;
				GCC_WARN_UNUSED_FUNCTION = YES;
				GCC_WARN_UNUSED_VARIABLE = YES;
				IPHONEOS_DEPLOYMENT_TARGET = 16.4;
				MTL_ENABLE_DEBUG_INFO = NO;
				MTL_FAST_MATH = YES;
				SDKROOT = iphoneos;
				SWIFT_COMPILATION_MODE = wholemodule;
				SWIFT_OPTIMIZATION_LEVEL = "-O";
				VALIDATE_PRODUCT = YES;
			};
			name = Release;
		};
		2C29ABB92A390D26004630DE /* Debug */ = {
			isa = XCBuildConfiguration;
			baseConfigurationReference = 832EF2E2385F77866FA972FF /* Pods-pokemon.debug.xcconfig */;
			buildSettings = {
				ASSETCATALOG_COMPILER_APPICON_NAME = AppIcon;
				ASSETCATALOG_COMPILER_GLOBAL_ACCENT_COLOR_NAME = AccentColor;
				CODE_SIGN_STYLE = Automatic;
				CURRENT_PROJECT_VERSION = 1;
				DEVELOPMENT_TEAM = BKP33A2RVZ;
				GENERATE_INFOPLIST_FILE = YES;
				INFOPLIST_FILE = pokemon/Info.plist;
				INFOPLIST_KEY_UIApplicationSupportsIndirectInputEvents = YES;
				INFOPLIST_KEY_UILaunchStoryboardName = LaunchScreen;
				INFOPLIST_KEY_UIMainStoryboardFile = Main;
				INFOPLIST_KEY_UISupportedInterfaceOrientations_iPad = "UIInterfaceOrientationPortrait UIInterfaceOrientationPortraitUpsideDown UIInterfaceOrientationLandscapeLeft UIInterfaceOrientationLandscapeRight";
				INFOPLIST_KEY_UISupportedInterfaceOrientations_iPhone = "UIInterfaceOrientationPortrait UIInterfaceOrientationLandscapeLeft UIInterfaceOrientationLandscapeRight";
				LD_RUNPATH_SEARCH_PATHS = (
					"$(inherited)",
					"@executable_path/Frameworks",
				);
				MARKETING_VERSION = 1.0;
				PRODUCT_BUNDLE_IDENTIFIER = clean.architecture.pokemon;
				PRODUCT_NAME = "$(TARGET_NAME)";
				SWIFT_EMIT_LOC_STRINGS = YES;
				SWIFT_VERSION = 5.0;
				TARGETED_DEVICE_FAMILY = "1,2";
			};
			name = Debug;
		};
		2C29ABBA2A390D26004630DE /* Release */ = {
			isa = XCBuildConfiguration;
			baseConfigurationReference = 9E1DB60B06EFC74546826C91 /* Pods-pokemon.release.xcconfig */;
			buildSettings = {
				ASSETCATALOG_COMPILER_APPICON_NAME = AppIcon;
				ASSETCATALOG_COMPILER_GLOBAL_ACCENT_COLOR_NAME = AccentColor;
				CODE_SIGN_STYLE = Automatic;
				CURRENT_PROJECT_VERSION = 1;
				DEVELOPMENT_TEAM = BKP33A2RVZ;
				GENERATE_INFOPLIST_FILE = YES;
				INFOPLIST_FILE = pokemon/Info.plist;
				INFOPLIST_KEY_UIApplicationSupportsIndirectInputEvents = YES;
				INFOPLIST_KEY_UILaunchStoryboardName = LaunchScreen;
				INFOPLIST_KEY_UIMainStoryboardFile = Main;
				INFOPLIST_KEY_UISupportedInterfaceOrientations_iPad = "UIInterfaceOrientationPortrait UIInterfaceOrientationPortraitUpsideDown UIInterfaceOrientationLandscapeLeft UIInterfaceOrientationLandscapeRight";
				INFOPLIST_KEY_UISupportedInterfaceOrientations_iPhone = "UIInterfaceOrientationPortrait UIInterfaceOrientationLandscapeLeft UIInterfaceOrientationLandscapeRight";
				LD_RUNPATH_SEARCH_PATHS = (
					"$(inherited)",
					"@executable_path/Frameworks",
				);
				MARKETING_VERSION = 1.0;
				PRODUCT_BUNDLE_IDENTIFIER = clean.architecture.pokemon;
				PRODUCT_NAME = "$(TARGET_NAME)";
				SWIFT_EMIT_LOC_STRINGS = YES;
				SWIFT_VERSION = 5.0;
				TARGETED_DEVICE_FAMILY = "1,2";
			};
			name = Release;
		};
		2C29ABBC2A390D26004630DE /* Debug */ = {
			isa = XCBuildConfiguration;
			baseConfigurationReference = 012C7EAC1D69198C2A4CF36B /* Pods-pokemonTests.debug.xcconfig */;
			buildSettings = {
				ALWAYS_EMBED_SWIFT_STANDARD_LIBRARIES = YES;
				BUNDLE_LOADER = "$(TEST_HOST)";
				CODE_SIGN_STYLE = Automatic;
				CURRENT_PROJECT_VERSION = 1;
				DEVELOPMENT_TEAM = BKP33A2RVZ;
				GENERATE_INFOPLIST_FILE = YES;
				IPHONEOS_DEPLOYMENT_TARGET = 16.4;
				MARKETING_VERSION = 1.0;
				PRODUCT_BUNDLE_IDENTIFIER = clean.architecture.pokemonTests;
				PRODUCT_NAME = "$(TARGET_NAME)";
				SWIFT_EMIT_LOC_STRINGS = NO;
				SWIFT_VERSION = 5.0;
				TARGETED_DEVICE_FAMILY = "1,2";
				TEST_HOST = "$(BUILT_PRODUCTS_DIR)/pokemon.app/$(BUNDLE_EXECUTABLE_FOLDER_PATH)/pokemon";
			};
			name = Debug;
		};
		2C29ABBD2A390D26004630DE /* Release */ = {
			isa = XCBuildConfiguration;
			baseConfigurationReference = B48F72E09CE5BFC4C98F81C6 /* Pods-pokemonTests.release.xcconfig */;
			buildSettings = {
				ALWAYS_EMBED_SWIFT_STANDARD_LIBRARIES = YES;
				BUNDLE_LOADER = "$(TEST_HOST)";
				CODE_SIGN_STYLE = Automatic;
				CURRENT_PROJECT_VERSION = 1;
				DEVELOPMENT_TEAM = BKP33A2RVZ;
				GENERATE_INFOPLIST_FILE = YES;
				IPHONEOS_DEPLOYMENT_TARGET = 16.4;
				MARKETING_VERSION = 1.0;
				PRODUCT_BUNDLE_IDENTIFIER = clean.architecture.pokemonTests;
				PRODUCT_NAME = "$(TARGET_NAME)";
				SWIFT_EMIT_LOC_STRINGS = NO;
				SWIFT_VERSION = 5.0;
				TARGETED_DEVICE_FAMILY = "1,2";
				TEST_HOST = "$(BUILT_PRODUCTS_DIR)/pokemon.app/$(BUNDLE_EXECUTABLE_FOLDER_PATH)/pokemon";
			};
			name = Release;
		};
		2C29ABBF2A390D26004630DE /* Debug */ = {
			isa = XCBuildConfiguration;
			baseConfigurationReference = AD281370B956C64ACFE2CA09 /* Pods-pokemon-pokemonUITests.debug.xcconfig */;
			buildSettings = {
				ALWAYS_EMBED_SWIFT_STANDARD_LIBRARIES = YES;
				CODE_SIGN_STYLE = Automatic;
				CURRENT_PROJECT_VERSION = 1;
				DEVELOPMENT_TEAM = BKP33A2RVZ;
				GENERATE_INFOPLIST_FILE = YES;
				MARKETING_VERSION = 1.0;
				PRODUCT_BUNDLE_IDENTIFIER = clean.architecture.pokemonUITests;
				PRODUCT_NAME = "$(TARGET_NAME)";
				SWIFT_EMIT_LOC_STRINGS = NO;
				SWIFT_VERSION = 5.0;
				TARGETED_DEVICE_FAMILY = "1,2";
				TEST_TARGET_NAME = pokemon;
			};
			name = Debug;
		};
		2C29ABC02A390D26004630DE /* Release */ = {
			isa = XCBuildConfiguration;
			baseConfigurationReference = 3C55CDFCE275AC8EAAF89216 /* Pods-pokemon-pokemonUITests.release.xcconfig */;
			buildSettings = {
				ALWAYS_EMBED_SWIFT_STANDARD_LIBRARIES = YES;
				CODE_SIGN_STYLE = Automatic;
				CURRENT_PROJECT_VERSION = 1;
				DEVELOPMENT_TEAM = BKP33A2RVZ;
				GENERATE_INFOPLIST_FILE = YES;
				MARKETING_VERSION = 1.0;
				PRODUCT_BUNDLE_IDENTIFIER = clean.architecture.pokemonUITests;
				PRODUCT_NAME = "$(TARGET_NAME)";
				SWIFT_EMIT_LOC_STRINGS = NO;
				SWIFT_VERSION = 5.0;
				TARGETED_DEVICE_FAMILY = "1,2";
				TEST_TARGET_NAME = pokemon;
			};
			name = Release;
		};
/* End XCBuildConfiguration section */

/* Begin XCConfigurationList section */
		2C29AB892A390D24004630DE /* Build configuration list for PBXProject "pokemon" */ = {
			isa = XCConfigurationList;
			buildConfigurations = (
				2C29ABB62A390D26004630DE /* Debug */,
				2C29ABB72A390D26004630DE /* Release */,
			);
			defaultConfigurationIsVisible = 0;
			defaultConfigurationName = Release;
		};
		2C29ABB82A390D26004630DE /* Build configuration list for PBXNativeTarget "pokemon" */ = {
			isa = XCConfigurationList;
			buildConfigurations = (
				2C29ABB92A390D26004630DE /* Debug */,
				2C29ABBA2A390D26004630DE /* Release */,
			);
			defaultConfigurationIsVisible = 0;
			defaultConfigurationName = Release;
		};
		2C29ABBB2A390D26004630DE /* Build configuration list for PBXNativeTarget "pokemonTests" */ = {
			isa = XCConfigurationList;
			buildConfigurations = (
				2C29ABBC2A390D26004630DE /* Debug */,
				2C29ABBD2A390D26004630DE /* Release */,
			);
			defaultConfigurationIsVisible = 0;
			defaultConfigurationName = Release;
		};
		2C29ABBE2A390D26004630DE /* Build configuration list for PBXNativeTarget "pokemonUITests" */ = {
			isa = XCConfigurationList;
			buildConfigurations = (
				2C29ABBF2A390D26004630DE /* Debug */,
				2C29ABC02A390D26004630DE /* Release */,
			);
			defaultConfigurationIsVisible = 0;
			defaultConfigurationName = Release;
		};
/* End XCConfigurationList section */
	};
	rootObject = 2C29AB862A390D24004630DE /* Project object */;
}
